
Microsoft Visual Studio Solution File, Format Version 12.00
# Visual Studio 2013
VisualStudioVersion = 12.0.21005.1
MinimumVisualStudioVersion = 10.0.40219.1
Project("{FAE04EC0-301F-11D3-BF4B-00C04F79EFBC}") = "WPL", "WindowsFormsApplication1\WPL.csproj", "{B799EBC8-19F6-44B4-985D-D12117DBA787}"
EndProject
Project("{FAE04EC0-301F-11D3-BF4B-00C04F79EFBC}") = "comun", "comun\comun.csproj", "{654C4916-61D5-4FA2-A01A-4A98EEA5730F}"
EndProject
Project("{FAE04EC0-301F-11D3-BF4B-00C04F79EFBC}") = "DAL", "DAL\DAL.csproj", "{11D586F8-9C56-460E-A0C8-45B9CFDD6408}"
EndProject
Global
	GlobalSection(SolutionConfigurationPlatforms) = preSolution
		Debug|Any CPU = Debug|Any CPU
		Release|Any CPU = Release|Any CPU
	EndGlobalSection
	GlobalSection(ProjectConfigurationPlatforms) = postSolution
		{B799EBC8-19F6-44B4-985D-D12117DBA787}.Debug|Any CPU.ActiveCfg = Debug|Any CPU
		{B799EBC8-19F6-44B4-985D-D12117DBA787}.Debug|Any CPU.Build.0 = Debug|Any CPU
		{B799EBC8-19F6-44B4-985D-D12117DBA787}.Release|Any CPU.ActiveCfg = Release|Any CPU
		{B799EBC8-19F6-44B4-985D-D12117DBA787}.Release|Any CPU.Build.0 = Release|Any CPU
		{654C4916-61D5-4FA2-A01A-4A98EEA5730F}.Debug|Any CPU.ActiveCfg = Debug|Any CPU
		{654C4916-61D5-4FA2-A01A-4A98EEA5730F}.Debug|Any CPU.Build.0 = Debug|Any CPU
		{654C4916-61D5-4FA2-A01A-4A98EEA5730F}.Release|Any CPU.ActiveCfg = Release|Any CPU
		{654C4916-61D5-4FA2-A01A-4A98EEA5730F}.Release|Any CPU.Build.0 = Release|Any CPU
		{11D586F8-9C56-460E-A0C8-45B9CFDD6408}.Debug|Any CPU.ActiveCfg = Debug|Any CPU
		{11D586F8-9C56-460E-A0C8-45B9CFDD6408}.Debug|Any CPU.Build.0 = Debug|Any CPU
		{11D586F8-9C56-460E-A0C8-45B9CFDD6408}.Release|Any CPU.ActiveCfg = Release|Any CPU
		{11D586F8-9C56-460E-A0C8-45B9CFDD6408}.Release|Any CPU.Build.0 = Release|Any CPU
	EndGlobalSection
	GlobalSection(SolutionProperties) = preSolution
		HideSolutionNode = FALSE
	EndGlobalSection
EndGlobal
